
Microsoft Visual Studio Solution File, Format Version 12.00
# Visual Studio Version 17
VisualStudioVersion = 17.4.33213.308
MinimumVisualStudioVersion = 10.0.40219.1
Project("{9A19103F-16F7-4668-BE54-9A1E7A4F7556}") = "ShoppingOnline", "ShoppingOnline\ShoppingOnline.csproj", "{7BAAC395-FD25-4C69-8AA2-A41BED38F7C8}"
EndProject
Project("{9A19103F-16F7-4668-BE54-9A1E7A4F7556}") = "ShoppingOnline.DAL", "ShoppingOnline.DAL\ShoppingOnline.DAL.csproj", "{69EF7699-07D9-460B-ACC5-DB25662D46DD}"
EndProject
Project("{9A19103F-16F7-4668-BE54-9A1E7A4F7556}") = "ShoppingOnline.BLL", "ShoppingOnline.BLL\ShoppingOnline.BLL.csproj", "{EB9FC2DF-2A06-4EF2-8C1D-520D1F6802CB}"
EndProject
Project("{9A19103F-16F7-4668-BE54-9A1E7A4F7556}") = "ShoppingOnline.DTO", "ShoppingOnline.DTO\ShoppingOnline.DTO.csproj", "{445E9096-164F-4512-BB7B-62B0A5D91EDE}"
EndProject
Global
	GlobalSection(SolutionConfigurationPlatforms) = preSolution
		Debug|Any CPU = Debug|Any CPU
		Release|Any CPU = Release|Any CPU
	EndGlobalSection
	GlobalSection(ProjectConfigurationPlatforms) = postSolution
		{7BAAC395-FD25-4C69-8AA2-A41BED38F7C8}.Debug|Any CPU.ActiveCfg = Debug|Any CPU
		{7BAAC395-FD25-4C69-8AA2-A41BED38F7C8}.Debug|Any CPU.Build.0 = Debug|Any CPU
		{7BAAC395-FD25-4C69-8AA2-A41BED38F7C8}.Release|Any CPU.ActiveCfg = Release|Any CPU
		{7BAAC395-FD25-4C69-8AA2-A41BED38F7C8}.Release|Any CPU.Build.0 = Release|Any CPU
		{69EF7699-07D9-460B-ACC5-DB25662D46DD}.Debug|Any CPU.ActiveCfg = Debug|Any CPU
		{69EF7699-07D9-460B-ACC5-DB25662D46DD}.Debug|Any CPU.Build.0 = Debug|Any CPU
		{69EF7699-07D9-460B-ACC5-DB25662D46DD}.Release|Any CPU.ActiveCfg = Release|Any CPU
		{69EF7699-07D9-460B-ACC5-DB25662D46DD}.Release|Any CPU.Build.0 = Release|Any CPU
		{EB9FC2DF-2A06-4EF2-8C1D-520D1F6802CB}.Debug|Any CPU.ActiveCfg = Debug|Any CPU
		{EB9FC2DF-2A06-4EF2-8C1D-520D1F6802CB}.Debug|Any CPU.Build.0 = Debug|Any CPU
		{EB9FC2DF-2A06-4EF2-8C1D-520D1F6802CB}.Release|Any CPU.ActiveCfg = Release|Any CPU
		{EB9FC2DF-2A06-4EF2-8C1D-520D1F6802CB}.Release|Any CPU.Build.0 = Release|Any CPU
		{445E9096-164F-4512-BB7B-62B0A5D91EDE}.Debug|Any CPU.ActiveCfg = Debug|Any CPU
		{445E9096-164F-4512-BB7B-62B0A5D91EDE}.Debug|Any CPU.Build.0 = Debug|Any CPU
		{445E9096-164F-4512-BB7B-62B0A5D91EDE}.Release|Any CPU.ActiveCfg = Release|Any CPU
		{445E9096-164F-4512-BB7B-62B0A5D91EDE}.Release|Any CPU.Build.0 = Release|Any CPU
	EndGlobalSection
	GlobalSection(SolutionProperties) = preSolution
		HideSolutionNode = FALSE
	EndGlobalSection
	GlobalSection(ExtensibilityGlobals) = postSolution
		SolutionGuid = {533C06CA-BD75-49E1-87A6-A3AF316AFEAC}
	EndGlobalSection
EndGlobal
